
Microsoft Visual Studio Solution File, Format Version 12.00
# Visual Studio Version 17
VisualStudioVersion = 17.0.31903.59
MinimumVisualStudioVersion = 10.0.40219.1
Project("{FAE04EC0-301F-11D3-BF4B-00C04F79EFBC}") = "Pakon.Transport", "src\Pakon.Transport\Pakon.Transport.csproj", "{70B53902-1E88-4BF4-A158-0DCE568AFC83}"
EndProject
Project("{FAE04EC0-301F-11D3-BF4B-00C04F79EFBC}") = "Pakon.Transport.Cli", "src\Pakon.Transport.Cli\Pakon.Transport.Cli.csproj", "{D0FC601B-61CC-43D0-845C-D83E38B448B0}"
EndProject
Project("{FAE04EC0-301F-11D3-BF4B-00C04F79EFBC}") = "Pakon.LegacyBridge.Protocol", "src\Pakon.LegacyBridge.Protocol\Pakon.LegacyBridge.Protocol.csproj", "{CEDDB14F-F8B4-4D7C-B463-92A88F6CB578}"
EndProject
Project("{FAE04EC0-301F-11D3-BF4B-00C04F79EFBC}") = "Pakon.LegacyBridge.Client", "src\Pakon.LegacyBridge.Client\Pakon.LegacyBridge.Client.csproj", "{4D52E5AE-5B7D-474F-BF83-A0DEAC31E0E0}"
EndProject
Project("{FAE04EC0-301F-11D3-BF4B-00C04F79EFBC}") = "Pakon.LegacyBridge", "src\Pakon.LegacyBridge\Pakon.LegacyBridge.csproj", "{0B624147-5DC0-4D58-B321-01198F4E1D48}"
EndProject
Project("{FAE04EC0-301F-11D3-BF4B-00C04F79EFBC}") = "Pakon.Client", "src\Pakon.Client\Pakon.Client.csproj", "{CCDE68FB-8500-4BAF-9652-18BDDB8EF4E8}"
EndProject
Project("{FAE04EC0-301F-11D3-BF4B-00C04F79EFBC}") = "Pakon.Scanner", "src\Pakon.Scanner\Pakon.Scanner.csproj", "{AEF324CB-E1E1-48CF-8C6C-F28DBED5E8B1}"
EndProject
Project("{FAE04EC0-301F-11D3-BF4B-00C04F79EFBC}") = "Pakon.Scanner.Legacy", "src\Pakon.Scanner.Legacy\Pakon.Scanner.Legacy.csproj", "{35D2C8DC-6777-40FA-B09E-4106D055B301}"
EndProject
Project("{2150E333-8FDC-42A3-9474-1A3956D46DE8}") = "src", "src", "{827E0CD3-B72D-47B6-A68D-7590B98EB39B}"
EndProject
Project("{FAE04EC0-301F-11D3-BF4B-00C04F79EFBC}") = "Pakon.RawImageConverter", "src\Pakon.RawImageConverter\Pakon.RawImageConverter.csproj", "{E8A37782-D857-46A4-A7C7-1EEC44DBC75F}"
EndProject
Global
	GlobalSection(SolutionConfigurationPlatforms) = preSolution
		Debug|Any CPU = Debug|Any CPU
		Debug|x64 = Debug|x64
		Debug|x86 = Debug|x86
		Release|Any CPU = Release|Any CPU
		Release|x64 = Release|x64
		Release|x86 = Release|x86
	EndGlobalSection
	GlobalSection(ProjectConfigurationPlatforms) = postSolution
		{70B53902-1E88-4BF4-A158-0DCE568AFC83}.Debug|Any CPU.ActiveCfg = Debug|Any CPU
		{70B53902-1E88-4BF4-A158-0DCE568AFC83}.Debug|Any CPU.Build.0 = Debug|Any CPU
		{70B53902-1E88-4BF4-A158-0DCE568AFC83}.Debug|x64.ActiveCfg = Debug|Any CPU
		{70B53902-1E88-4BF4-A158-0DCE568AFC83}.Debug|x64.Build.0 = Debug|Any CPU
		{70B53902-1E88-4BF4-A158-0DCE568AFC83}.Debug|x86.ActiveCfg = Debug|Any CPU
		{70B53902-1E88-4BF4-A158-0DCE568AFC83}.Debug|x86.Build.0 = Debug|Any CPU
		{70B53902-1E88-4BF4-A158-0DCE568AFC83}.Release|Any CPU.ActiveCfg = Release|Any CPU
		{70B53902-1E88-4BF4-A158-0DCE568AFC83}.Release|Any CPU.Build.0 = Release|Any CPU
		{70B53902-1E88-4BF4-A158-0DCE568AFC83}.Release|x64.ActiveCfg = Release|Any CPU
		{70B53902-1E88-4BF4-A158-0DCE568AFC83}.Release|x64.Build.0 = Release|Any CPU
		{70B53902-1E88-4BF4-A158-0DCE568AFC83}.Release|x86.ActiveCfg = Release|Any CPU
		{70B53902-1E88-4BF4-A158-0DCE568AFC83}.Release|x86.Build.0 = Release|Any CPU
		{D0FC601B-61CC-43D0-845C-D83E38B448B0}.Debug|Any CPU.ActiveCfg = Debug|Any CPU
		{D0FC601B-61CC-43D0-845C-D83E38B448B0}.Debug|Any CPU.Build.0 = Debug|Any CPU
		{D0FC601B-61CC-43D0-845C-D83E38B448B0}.Debug|x64.ActiveCfg = Debug|Any CPU
		{D0FC601B-61CC-43D0-845C-D83E38B448B0}.Debug|x64.Build.0 = Debug|Any CPU
		{D0FC601B-61CC-43D0-845C-D83E38B448B0}.Debug|x86.ActiveCfg = Debug|Any CPU
		{D0FC601B-61CC-43D0-845C-D83E38B448B0}.Debug|x86.Build.0 = Debug|Any CPU
		{D0FC601B-61CC-43D0-845C-D83E38B448B0}.Release|Any CPU.ActiveCfg = Release|Any CPU
		{D0FC601B-61CC-43D0-845C-D83E38B448B0}.Release|Any CPU.Build.0 = Release|Any CPU
		{D0FC601B-61CC-43D0-845C-D83E38B448B0}.Release|x64.ActiveCfg = Release|Any CPU
		{D0FC601B-61CC-43D0-845C-D83E38B448B0}.Release|x64.Build.0 = Release|Any CPU
		{D0FC601B-61CC-43D0-845C-D83E38B448B0}.Release|x86.ActiveCfg = Release|Any CPU
		{D0FC601B-61CC-43D0-845C-D83E38B448B0}.Release|x86.Build.0 = Release|Any CPU
		{CEDDB14F-F8B4-4D7C-B463-92A88F6CB578}.Debug|Any CPU.ActiveCfg = Debug|Any CPU
		{CEDDB14F-F8B4-4D7C-B463-92A88F6CB578}.Debug|Any CPU.Build.0 = Debug|Any CPU
		{CEDDB14F-F8B4-4D7C-B463-92A88F6CB578}.Debug|x64.ActiveCfg = Debug|Any CPU
		{CEDDB14F-F8B4-4D7C-B463-92A88F6CB578}.Debug|x64.Build.0 = Debug|Any CPU
		{CEDDB14F-F8B4-4D7C-B463-92A88F6CB578}.Debug|x86.ActiveCfg = Debug|Any CPU
		{CEDDB14F-F8B4-4D7C-B463-92A88F6CB578}.Debug|x86.Build.0 = Debug|Any CPU
		{CEDDB14F-F8B4-4D7C-B463-92A88F6CB578}.Release|Any CPU.ActiveCfg = Release|Any CPU
		{CEDDB14F-F8B4-4D7C-B463-92A88F6CB578}.Release|Any CPU.Build.0 = Release|Any CPU
		{CEDDB14F-F8B4-4D7C-B463-92A88F6CB578}.Release|x64.ActiveCfg = Release|Any CPU
		{CEDDB14F-F8B4-4D7C-B463-92A88F6CB578}.Release|x64.Build.0 = Release|Any CPU
		{CEDDB14F-F8B4-4D7C-B463-92A88F6CB578}.Release|x86.ActiveCfg = Release|Any CPU
		{CEDDB14F-F8B4-4D7C-B463-92A88F6CB578}.Release|x86.Build.0 = Release|Any CPU
		{4D52E5AE-5B7D-474F-BF83-A0DEAC31E0E0}.Debug|Any CPU.ActiveCfg = Debug|Any CPU
		{4D52E5AE-5B7D-474F-BF83-A0DEAC31E0E0}.Debug|Any CPU.Build.0 = Debug|Any CPU
		{4D52E5AE-5B7D-474F-BF83-A0DEAC31E0E0}.Debug|x64.ActiveCfg = Debug|Any CPU
		{4D52E5AE-5B7D-474F-BF83-A0DEAC31E0E0}.Debug|x64.Build.0 = Debug|Any CPU
		{4D52E5AE-5B7D-474F-BF83-A0DEAC31E0E0}.Debug|x86.ActiveCfg = Debug|Any CPU
		{4D52E5AE-5B7D-474F-BF83-A0DEAC31E0E0}.Debug|x86.Build.0 = Debug|Any CPU
		{4D52E5AE-5B7D-474F-BF83-A0DEAC31E0E0}.Release|Any CPU.ActiveCfg = Release|Any CPU
		{4D52E5AE-5B7D-474F-BF83-A0DEAC31E0E0}.Release|Any CPU.Build.0 = Release|Any CPU
		{4D52E5AE-5B7D-474F-BF83-A0DEAC31E0E0}.Release|x64.ActiveCfg = Release|Any CPU
		{4D52E5AE-5B7D-474F-BF83-A0DEAC31E0E0}.Release|x64.Build.0 = Release|Any CPU
		{4D52E5AE-5B7D-474F-BF83-A0DEAC31E0E0}.Release|x86.ActiveCfg = Release|Any CPU
		{4D52E5AE-5B7D-474F-BF83-A0DEAC31E0E0}.Release|x86.Build.0 = Release|Any CPU
		{0B624147-5DC0-4D58-B321-01198F4E1D48}.Debug|Any CPU.ActiveCfg = Debug|Any CPU
		{0B624147-5DC0-4D58-B321-01198F4E1D48}.Debug|Any CPU.Build.0 = Debug|Any CPU
		{0B624147-5DC0-4D58-B321-01198F4E1D48}.Debug|x64.ActiveCfg = Debug|Any CPU
		{0B624147-5DC0-4D58-B321-01198F4E1D48}.Debug|x64.Build.0 = Debug|Any CPU
		{0B624147-5DC0-4D58-B321-01198F4E1D48}.Debug|x86.ActiveCfg = Debug|Any CPU
		{0B624147-5DC0-4D58-B321-01198F4E1D48}.Debug|x86.Build.0 = Debug|Any CPU
		{0B624147-5DC0-4D58-B321-01198F4E1D48}.Release|Any CPU.ActiveCfg = Release|Any CPU
		{0B624147-5DC0-4D58-B321-01198F4E1D48}.Release|Any CPU.Build.0 = Release|Any CPU
		{0B624147-5DC0-4D58-B321-01198F4E1D48}.Release|x64.ActiveCfg = Release|Any CPU
		{0B624147-5DC0-4D58-B321-01198F4E1D48}.Release|x64.Build.0 = Release|Any CPU
		{0B624147-5DC0-4D58-B321-01198F4E1D48}.Release|x86.ActiveCfg = Release|Any CPU
		{0B624147-5DC0-4D58-B321-01198F4E1D48}.Release|x86.Build.0 = Release|Any CPU
		{CCDE68FB-8500-4BAF-9652-18BDDB8EF4E8}.Debug|Any CPU.ActiveCfg = Debug|Any CPU
		{CCDE68FB-8500-4BAF-9652-18BDDB8EF4E8}.Debug|Any CPU.Build.0 = Debug|Any CPU
		{CCDE68FB-8500-4BAF-9652-18BDDB8EF4E8}.Debug|x64.ActiveCfg = Debug|Any CPU
		{CCDE68FB-8500-4BAF-9652-18BDDB8EF4E8}.Debug|x64.Build.0 = Debug|Any CPU
		{CCDE68FB-8500-4BAF-9652-18BDDB8EF4E8}.Debug|x86.ActiveCfg = Debug|Any CPU
		{CCDE68FB-8500-4BAF-9652-18BDDB8EF4E8}.Debug|x86.Build.0 = Debug|Any CPU
		{CCDE68FB-8500-4BAF-9652-18BDDB8EF4E8}.Release|Any CPU.ActiveCfg = Release|Any CPU
		{CCDE68FB-8500-4BAF-9652-18BDDB8EF4E8}.Release|Any CPU.Build.0 = Release|Any CPU
		{CCDE68FB-8500-4BAF-9652-18BDDB8EF4E8}.Release|x64.ActiveCfg = Release|Any CPU
		{CCDE68FB-8500-4BAF-9652-18BDDB8EF4E8}.Release|x64.Build.0 = Release|Any CPU
		{CCDE68FB-8500-4BAF-9652-18BDDB8EF4E8}.Release|x86.ActiveCfg = Release|Any CPU
		{CCDE68FB-8500-4BAF-9652-18BDDB8EF4E8}.Release|x86.Build.0 = Release|Any CPU
		{AEF324CB-E1E1-48CF-8C6C-F28DBED5E8B1}.Debug|Any CPU.ActiveCfg = Debug|Any CPU
		{AEF324CB-E1E1-48CF-8C6C-F28DBED5E8B1}.Debug|Any CPU.Build.0 = Debug|Any CPU
		{AEF324CB-E1E1-48CF-8C6C-F28DBED5E8B1}.Debug|x64.ActiveCfg = Debug|Any CPU
		{AEF324CB-E1E1-48CF-8C6C-F28DBED5E8B1}.Debug|x64.Build.0 = Debug|Any CPU
		{AEF324CB-E1E1-48CF-8C6C-F28DBED5E8B1}.Debug|x86.ActiveCfg = Debug|Any CPU
		{AEF324CB-E1E1-48CF-8C6C-F28DBED5E8B1}.Debug|x86.Build.0 = Debug|Any CPU
		{AEF324CB-E1E1-48CF-8C6C-F28DBED5E8B1}.Release|Any CPU.ActiveCfg = Release|Any CPU
		{AEF324CB-E1E1-48CF-8C6C-F28DBED5E8B1}.Release|Any CPU.Build.0 = Release|Any CPU
		{AEF324CB-E1E1-48CF-8C6C-F28DBED5E8B1}.Release|x64.ActiveCfg = Release|Any CPU
		{AEF324CB-E1E1-48CF-8C6C-F28DBED5E8B1}.Release|x64.Build.0 = Release|Any CPU
		{AEF324CB-E1E1-48CF-8C6C-F28DBED5E8B1}.Release|x86.ActiveCfg = Release|Any CPU
		{AEF324CB-E1E1-48CF-8C6C-F28DBED5E8B1}.Release|x86.Build.0 = Release|Any CPU
		{35D2C8DC-6777-40FA-B09E-4106D055B301}.Debug|Any CPU.ActiveCfg = Debug|Any CPU
		{35D2C8DC-6777-40FA-B09E-4106D055B301}.Debug|Any CPU.Build.0 = Debug|Any CPU
		{35D2C8DC-6777-40FA-B09E-4106D055B301}.Debug|x64.ActiveCfg = Debug|Any CPU
		{35D2C8DC-6777-40FA-B09E-4106D055B301}.Debug|x64.Build.0 = Debug|Any CPU
		{35D2C8DC-6777-40FA-B09E-4106D055B301}.Debug|x86.ActiveCfg = Debug|Any CPU
		{35D2C8DC-6777-40FA-B09E-4106D055B301}.Debug|x86.Build.0 = Debug|Any CPU
		{35D2C8DC-6777-40FA-B09E-4106D055B301}.Release|Any CPU.ActiveCfg = Release|Any CPU
		{35D2C8DC-6777-40FA-B09E-4106D055B301}.Release|Any CPU.Build.0 = Release|Any CPU
		{35D2C8DC-6777-40FA-B09E-4106D055B301}.Release|x64.ActiveCfg = Release|Any CPU
		{35D2C8DC-6777-40FA-B09E-4106D055B301}.Release|x64.Build.0 = Release|Any CPU
		{35D2C8DC-6777-40FA-B09E-4106D055B301}.Release|x86.ActiveCfg = Release|Any CPU
		{35D2C8DC-6777-40FA-B09E-4106D055B301}.Release|x86.Build.0 = Release|Any CPU
		{E8A37782-D857-46A4-A7C7-1EEC44DBC75F}.Debug|Any CPU.ActiveCfg = Debug|Any CPU
		{E8A37782-D857-46A4-A7C7-1EEC44DBC75F}.Debug|Any CPU.Build.0 = Debug|Any CPU
		{E8A37782-D857-46A4-A7C7-1EEC44DBC75F}.Debug|x64.ActiveCfg = Debug|Any CPU
		{E8A37782-D857-46A4-A7C7-1EEC44DBC75F}.Debug|x64.Build.0 = Debug|Any CPU
		{E8A37782-D857-46A4-A7C7-1EEC44DBC75F}.Debug|x86.ActiveCfg = Debug|Any CPU
		{E8A37782-D857-46A4-A7C7-1EEC44DBC75F}.Debug|x86.Build.0 = Debug|Any CPU
		{E8A37782-D857-46A4-A7C7-1EEC44DBC75F}.Release|Any CPU.ActiveCfg = Release|Any CPU
		{E8A37782-D857-46A4-A7C7-1EEC44DBC75F}.Release|Any CPU.Build.0 = Release|Any CPU
		{E8A37782-D857-46A4-A7C7-1EEC44DBC75F}.Release|x64.ActiveCfg = Release|Any CPU
		{E8A37782-D857-46A4-A7C7-1EEC44DBC75F}.Release|x64.Build.0 = Release|Any CPU
		{E8A37782-D857-46A4-A7C7-1EEC44DBC75F}.Release|x86.ActiveCfg = Release|Any CPU
		{E8A37782-D857-46A4-A7C7-1EEC44DBC75F}.Release|x86.Build.0 = Release|Any CPU
	EndGlobalSection
	GlobalSection(SolutionProperties) = preSolution
		HideSolutionNode = FALSE
	EndGlobalSection
	GlobalSection(NestedProjects) = preSolution
		{E8A37782-D857-46A4-A7C7-1EEC44DBC75F} = {827E0CD3-B72D-47B6-A68D-7590B98EB39B}
	EndGlobalSection
EndGlobal
